// !$*UTF8*$!
{
	archiveVersion = 1;
	classes = {
	};
	objectVersion = 50;
	objects = {

/* Begin PBXBuildFile section */
		2C73BE52280D4F1D0054B779 /* LVFoundation.framework in Frameworks */ = {isa = PBXBuildFile; fileRef = 2C73BE48280D4F1D0054B779 /* LVFoundation.framework */; };
		2C73BE59280D4F1D0054B779 /* LVFoundation.h in Headers */ = {isa = PBXBuildFile; fileRef = 2C73BE4B280D4F1D0054B779 /* LVFoundation.h */; settings = {ATTRIBUTES = (Public, ); }; };
		2C73BE68280D52A90054B779 /* Transformer.swift in Sources */ = {isa = PBXBuildFile; fileRef = 2C73BE67280D52A90054B779 /* Transformer.swift */; };
		2C73BE6C280D538D0054B779 /* NetworkError.swift in Sources */ = {isa = PBXBuildFile; fileRef = 2C73BE6B280D538D0054B779 /* NetworkError.swift */; };
		2C73BE70280D54280054B779 /* APIEndpoint.swift in Sources */ = {isa = PBXBuildFile; fileRef = 2C73BE6F280D54280054B779 /* APIEndpoint.swift */; };
		2C73BE74280D54690054B779 /* DataLoader.swift in Sources */ = {isa = PBXBuildFile; fileRef = 2C73BE73280D54690054B779 /* DataLoader.swift */; };
		2C73BE81280D54ED0054B779 /* EndpointTest.swift in Sources */ = {isa = PBXBuildFile; fileRef = 2C73BE80280D54ED0054B779 /* EndpointTest.swift */; };
		2C73BE88280D553A0054B779 /* String+ext.swift in Sources */ = {isa = PBXBuildFile; fileRef = 2C73BE87280D553A0054B779 /* String+ext.swift */; };
		2C73BE8C280D55640054B779 /* Constants.swift in Sources */ = {isa = PBXBuildFile; fileRef = 2C73BE8B280D55640054B779 /* Constants.swift */; };
		2C73BE91280D55820054B779 /* Collection+ext.swift in Sources */ = {isa = PBXBuildFile; fileRef = 2C73BE90280D55820054B779 /* Collection+ext.swift */; };
		2C73BE95280D57B40054B779 /* NetworkErrorTest.swift in Sources */ = {isa = PBXBuildFile; fileRef = 2C73BE94280D57B40054B779 /* NetworkErrorTest.swift */; };
		2C73BE9B280D57E70054B779 /* DataLoaderTest.swift in Sources */ = {isa = PBXBuildFile; fileRef = 2C73BE9A280D57E70054B779 /* DataLoaderTest.swift */; };
		2C73BEA5280D59CC0054B779 /* LocalizedKey.swift in Sources */ = {isa = PBXBuildFile; fileRef = 2C73BEA4280D59CC0054B779 /* LocalizedKey.swift */; };
		2C73BEA9280D5AC10054B779 /* UIColor+Extension.swift in Sources */ = {isa = PBXBuildFile; fileRef = 2C73BEA8280D5AC10054B779 /* UIColor+Extension.swift */; };
		2C73BEAF280D5B210054B779 /* Bundle+ext.swift in Sources */ = {isa = PBXBuildFile; fileRef = 2C73BEAE280D5B210054B779 /* Bundle+ext.swift */; };
		2C73BEB3280D5B440054B779 /* Sequence+Ext.swift in Sources */ = {isa = PBXBuildFile; fileRef = 2C73BEB2280D5B440054B779 /* Sequence+Ext.swift */; };
		2C73BEB7280D5B840054B779 /* EmailAddress.swift in Sources */ = {isa = PBXBuildFile; fileRef = 2C73BEB6280D5B840054B779 /* EmailAddress.swift */; };
		2C73BEBC280D5BEA0054B779 /* LayoutConstraint+ext.swift in Sources */ = {isa = PBXBuildFile; fileRef = 2C73BEBB280D5BEA0054B779 /* LayoutConstraint+ext.swift */; };
		2C73BEC1280D5C260054B779 /* Optional+Extension.swift in Sources */ = {isa = PBXBuildFile; fileRef = 2C73BEC0280D5C260054B779 /* Optional+Extension.swift */; };
/* End PBXBuildFile section */

/* Begin PBXContainerItemProxy section */
		2C73BE53280D4F1D0054B779 /* PBXContainerItemProxy */ = {
			isa = PBXContainerItemProxy;
			containerPortal = 2C73BE3F280D4F1D0054B779 /* Project object */;
			proxyType = 1;
			remoteGlobalIDString = 2C73BE47280D4F1D0054B779;
			remoteInfo = LVFoundation;
		};
/* End PBXContainerItemProxy section */

/* Begin PBXFileReference section */
		2C73BE48280D4F1D0054B779 /* LVFoundation.framework */ = {isa = PBXFileReference; explicitFileType = wrapper.framework; includeInIndex = 0; path = LVFoundation.framework; sourceTree = BUILT_PRODUCTS_DIR; };
		2C73BE4B280D4F1D0054B779 /* LVFoundation.h */ = {isa = PBXFileReference; lastKnownFileType = sourcecode.c.h; path = LVFoundation.h; sourceTree = "<group>"; };
		2C73BE4C280D4F1D0054B779 /* Info.plist */ = {isa = PBXFileReference; lastKnownFileType = text.plist.xml; path = Info.plist; sourceTree = "<group>"; };
		2C73BE51280D4F1D0054B779 /* LVFoundationTests.xctest */ = {isa = PBXFileReference; explicitFileType = wrapper.cfbundle; includeInIndex = 0; path = LVFoundationTests.xctest; sourceTree = BUILT_PRODUCTS_DIR; };
		2C73BE58280D4F1D0054B779 /* Info.plist */ = {isa = PBXFileReference; lastKnownFileType = text.plist.xml; path = Info.plist; sourceTree = "<group>"; };
		2C73BE67280D52A90054B779 /* Transformer.swift */ = {isa = PBXFileReference; fileEncoding = 4; lastKnownFileType = sourcecode.swift; path = Transformer.swift; sourceTree = "<group>"; };
		2C73BE6B280D538D0054B779 /* NetworkError.swift */ = {isa = PBXFileReference; fileEncoding = 4; lastKnownFileType = sourcecode.swift; path = NetworkError.swift; sourceTree = "<group>"; };
		2C73BE6F280D54280054B779 /* APIEndpoint.swift */ = {isa = PBXFileReference; fileEncoding = 4; lastKnownFileType = sourcecode.swift; path = APIEndpoint.swift; sourceTree = "<group>"; };
		2C73BE73280D54690054B779 /* DataLoader.swift */ = {isa = PBXFileReference; fileEncoding = 4; lastKnownFileType = sourcecode.swift; path = DataLoader.swift; sourceTree = "<group>"; };
		2C73BE80280D54ED0054B779 /* EndpointTest.swift */ = {isa = PBXFileReference; fileEncoding = 4; lastKnownFileType = sourcecode.swift; path = EndpointTest.swift; sourceTree = "<group>"; };
		2C73BE87280D553A0054B779 /* String+ext.swift */ = {isa = PBXFileReference; fileEncoding = 4; lastKnownFileType = sourcecode.swift; path = "String+ext.swift"; sourceTree = "<group>"; };
		2C73BE8B280D55640054B779 /* Constants.swift */ = {isa = PBXFileReference; fileEncoding = 4; lastKnownFileType = sourcecode.swift; path = Constants.swift; sourceTree = "<group>"; };
		2C73BE90280D55820054B779 /* Collection+ext.swift */ = {isa = PBXFileReference; fileEncoding = 4; lastKnownFileType = sourcecode.swift; path = "Collection+ext.swift"; sourceTree = "<group>"; };
		2C73BE94280D57B40054B779 /* NetworkErrorTest.swift */ = {isa = PBXFileReference; fileEncoding = 4; lastKnownFileType = sourcecode.swift; path = NetworkErrorTest.swift; sourceTree = "<group>"; };
		2C73BE9A280D57E70054B779 /* DataLoaderTest.swift */ = {isa = PBXFileReference; fileEncoding = 4; lastKnownFileType = sourcecode.swift; path = DataLoaderTest.swift; sourceTree = "<group>"; };
		2C73BEA4280D59CC0054B779 /* LocalizedKey.swift */ = {isa = PBXFileReference; fileEncoding = 4; lastKnownFileType = sourcecode.swift; path = LocalizedKey.swift; sourceTree = "<group>"; };
		2C73BEA8280D5AC10054B779 /* UIColor+Extension.swift */ = {isa = PBXFileReference; fileEncoding = 4; lastKnownFileType = sourcecode.swift; path = "UIColor+Extension.swift"; sourceTree = "<group>"; };
		2C73BEAE280D5B210054B779 /* Bundle+ext.swift */ = {isa = PBXFileReference; fileEncoding = 4; lastKnownFileType = sourcecode.swift; path = "Bundle+ext.swift"; sourceTree = "<group>"; };
		2C73BEB2280D5B440054B779 /* Sequence+Ext.swift */ = {isa = PBXFileReference; fileEncoding = 4; lastKnownFileType = sourcecode.swift; path = "Sequence+Ext.swift"; sourceTree = "<group>"; };
		2C73BEB6280D5B840054B779 /* EmailAddress.swift */ = {isa = PBXFileReference; fileEncoding = 4; lastKnownFileType = sourcecode.swift; path = EmailAddress.swift; sourceTree = "<group>"; };
		2C73BEBB280D5BEA0054B779 /* LayoutConstraint+ext.swift */ = {isa = PBXFileReference; fileEncoding = 4; lastKnownFileType = sourcecode.swift; path = "LayoutConstraint+ext.swift"; sourceTree = "<group>"; };
		2C73BEC0280D5C260054B779 /* Optional+Extension.swift */ = {isa = PBXFileReference; fileEncoding = 4; lastKnownFileType = sourcecode.swift; path = "Optional+Extension.swift"; sourceTree = "<group>"; };
/* End PBXFileReference section */

/* Begin PBXFrameworksBuildPhase section */
		2C73BE45280D4F1D0054B779 /* Frameworks */ = {
			isa = PBXFrameworksBuildPhase;
			buildActionMask = 2147483647;
			files = (
			);
			runOnlyForDeploymentPostprocessing = 0;
		};
		2C73BE4E280D4F1D0054B779 /* Frameworks */ = {
			isa = PBXFrameworksBuildPhase;
			buildActionMask = 2147483647;
			files = (
				2C73BE52280D4F1D0054B779 /* LVFoundation.framework in Frameworks */,
			);
			runOnlyForDeploymentPostprocessing = 0;
		};
/* End PBXFrameworksBuildPhase section */

/* Begin PBXGroup section */
		2C73BE3E280D4F1D0054B779 = {
			isa = PBXGroup;
			children = (
				2C73BE4A280D4F1D0054B779 /* LVFoundation */,
				2C73BE55280D4F1D0054B779 /* LVFoundationTests */,
				2C73BE49280D4F1D0054B779 /* Products */,
			);
			sourceTree = "<group>";
		};
		2C73BE49280D4F1D0054B779 /* Products */ = {
			isa = PBXGroup;
			children = (
				2C73BE48280D4F1D0054B779 /* LVFoundation.framework */,
				2C73BE51280D4F1D0054B779 /* LVFoundationTests.xctest */,
			);
			name = Products;
			sourceTree = "<group>";
		};
		2C73BE4A280D4F1D0054B779 /* LVFoundation */ = {
			isa = PBXGroup;
			children = (
				2C73BE66280D4FA10054B779 /* Utils */,
				2C73BE65280D4F920054B779 /* Localisation */,
				2C73BE64280D4F7A0054B779 /* Network */,
				2C73BE4B280D4F1D0054B779 /* LVFoundation.h */,
				2C73BE4C280D4F1D0054B779 /* Info.plist */,
			);
			path = LVFoundation;
			sourceTree = "<group>";
		};
		2C73BE55280D4F1D0054B779 /* LVFoundationTests */ = {
			isa = PBXGroup;
			children = (
				2C73BE7F280D54DE0054B779 /* Network */,
				2C73BE58280D4F1D0054B779 /* Info.plist */,
			);
			path = LVFoundationTests;
			sourceTree = "<group>";
		};
		2C73BE64280D4F7A0054B779 /* Network */ = {
			isa = PBXGroup;
			children = (
				2C73BE67280D52A90054B779 /* Transformer.swift */,
				2C73BE6F280D54280054B779 /* APIEndpoint.swift */,
				2C73BE6B280D538D0054B779 /* NetworkError.swift */,
				2C73BE73280D54690054B779 /* DataLoader.swift */,
			);
			path = Network;
			sourceTree = "<group>";
		};
		2C73BE65280D4F920054B779 /* Localisation */ = {
			isa = PBXGroup;
			children = (
				2C73BEA4280D59CC0054B779 /* LocalizedKey.swift */,
			);
			path = Localisation;
			sourceTree = "<group>";
		};
		2C73BE66280D4FA10054B779 /* Utils */ = {
			isa = PBXGroup;
			children = (
				2C73BEBF280D5C1B0054B779 /* Optional */,
				2C73BEBA280D5B8B0054B779 /* Extensions */,
				2C73BEAD280D5B150054B779 /* Bundle */,
				2C73BEAC280D5AC60054B779 /* Color */,
				2C73BE8F280D55730054B779 /* Collection */,
				2C73BE86280D55260054B779 /* Strings */,
			);
			path = Utils;
			sourceTree = "<group>";
		};
		2C73BE7F280D54DE0054B779 /* Network */ = {
			isa = PBXGroup;
			children = (
				2C73BE94280D57B40054B779 /* NetworkErrorTest.swift */,
				2C73BE80280D54ED0054B779 /* EndpointTest.swift */,
				2C73BE9A280D57E70054B779 /* DataLoaderTest.swift */,
			);
			path = Network;
			sourceTree = "<group>";
		};
		2C73BE86280D55260054B779 /* Strings */ = {
			isa = PBXGroup;
			children = (
				2C73BE8B280D55640054B779 /* Constants.swift */,
				2C73BE87280D553A0054B779 /* String+ext.swift */,
			);
			path = Strings;
			sourceTree = "<group>";
		};
		2C73BE8F280D55730054B779 /* Collection */ = {
			isa = PBXGroup;
			children = (
				2C73BEB2280D5B440054B779 /* Sequence+Ext.swift */,
				2C73BE90280D55820054B779 /* Collection+ext.swift */,
			);
			path = Collection;
			sourceTree = "<group>";
		};
		2C73BEAC280D5AC60054B779 /* Color */ = {
			isa = PBXGroup;
			children = (
				2C73BEA8280D5AC10054B779 /* UIColor+Extension.swift */,
			);
			path = Color;
			sourceTree = "<group>";
		};
		2C73BEAD280D5B150054B779 /* Bundle */ = {
			isa = PBXGroup;
			children = (
				2C73BEAE280D5B210054B779 /* Bundle+ext.swift */,
			);
			path = Bundle;
			sourceTree = "<group>";
		};
		2C73BEBA280D5B8B0054B779 /* Extensions */ = {
			isa = PBXGroup;
			children = (
				2C73BEB6280D5B840054B779 /* EmailAddress.swift */,
				2C73BEBB280D5BEA0054B779 /* LayoutConstraint+ext.swift */,
			);
			path = Extensions;
			sourceTree = "<group>";
		};
		2C73BEBF280D5C1B0054B779 /* Optional */ = {
			isa = PBXGroup;
			children = (
				2C73BEC0280D5C260054B779 /* Optional+Extension.swift */,
			);
			path = Optional;
			sourceTree = "<group>";
		};
/* End PBXGroup section */

/* Begin PBXHeadersBuildPhase section */
		2C73BE43280D4F1D0054B779 /* Headers */ = {
			isa = PBXHeadersBuildPhase;
			buildActionMask = 2147483647;
			files = (
				2C73BE59280D4F1D0054B779 /* LVFoundation.h in Headers */,
			);
			runOnlyForDeploymentPostprocessing = 0;
		};
/* End PBXHeadersBuildPhase section */

/* Begin PBXNativeTarget section */
		2C73BE47280D4F1D0054B779 /* LVFoundation */ = {
			isa = PBXNativeTarget;
			buildConfigurationList = 2C73BE5C280D4F1D0054B779 /* Build configuration list for PBXNativeTarget "LVFoundation" */;
			buildPhases = (
				2C73BE43280D4F1D0054B779 /* Headers */,
				2C73BE44280D4F1D0054B779 /* Sources */,
				2C73BE45280D4F1D0054B779 /* Frameworks */,
				2C73BE46280D4F1D0054B779 /* Resources */,
			);
			buildRules = (
			);
			dependencies = (
			);
			name = LVFoundation;
			productName = LVFoundation;
			productReference = 2C73BE48280D4F1D0054B779 /* LVFoundation.framework */;
			productType = "com.apple.product-type.framework";
		};
		2C73BE50280D4F1D0054B779 /* LVFoundationTests */ = {
			isa = PBXNativeTarget;
			buildConfigurationList = 2C73BE5F280D4F1D0054B779 /* Build configuration list for PBXNativeTarget "LVFoundationTests" */;
			buildPhases = (
				2C73BE4D280D4F1D0054B779 /* Sources */,
				2C73BE4E280D4F1D0054B779 /* Frameworks */,
				2C73BE4F280D4F1D0054B779 /* Resources */,
			);
			buildRules = (
			);
			dependencies = (
				2C73BE54280D4F1D0054B779 /* PBXTargetDependency */,
			);
			name = LVFoundationTests;
			productName = LVFoundationTests;
			productReference = 2C73BE51280D4F1D0054B779 /* LVFoundationTests.xctest */;
			productType = "com.apple.product-type.bundle.unit-test";
		};
/* End PBXNativeTarget section */

/* Begin PBXProject section */
		2C73BE3F280D4F1D0054B779 /* Project object */ = {
			isa = PBXProject;
			attributes = {
				LastSwiftUpdateCheck = 1240;
				LastUpgradeCheck = 1240;
				TargetAttributes = {
					2C73BE47280D4F1D0054B779 = {
						CreatedOnToolsVersion = 12.4;
						LastSwiftMigration = 1240;
					};
					2C73BE50280D4F1D0054B779 = {
						CreatedOnToolsVersion = 12.4;
					};
				};
			};
			buildConfigurationList = 2C73BE42280D4F1D0054B779 /* Build configuration list for PBXProject "LVFoundation" */;
			compatibilityVersion = "Xcode 9.3";
			developmentRegion = en;
			hasScannedForEncodings = 0;
			knownRegions = (
				en,
				Base,
			);
			mainGroup = 2C73BE3E280D4F1D0054B779;
			productRefGroup = 2C73BE49280D4F1D0054B779 /* Products */;
			projectDirPath = "";
			projectRoot = "";
			targets = (
				2C73BE47280D4F1D0054B779 /* LVFoundation */,
				2C73BE50280D4F1D0054B779 /* LVFoundationTests */,
			);
		};
/* End PBXProject section */

/* Begin PBXResourcesBuildPhase section */
		2C73BE46280D4F1D0054B779 /* Resources */ = {
			isa = PBXResourcesBuildPhase;
			buildActionMask = 2147483647;
			files = (
			);
			runOnlyForDeploymentPostprocessing = 0;
		};
		2C73BE4F280D4F1D0054B779 /* Resources */ = {
			isa = PBXResourcesBuildPhase;
			buildActionMask = 2147483647;
			files = (
			);
			runOnlyForDeploymentPostprocessing = 0;
		};
/* End PBXResourcesBuildPhase section */

/* Begin PBXSourcesBuildPhase section */
		2C73BE44280D4F1D0054B779 /* Sources */ = {
			isa = PBXSourcesBuildPhase;
			buildActionMask = 2147483647;
			files = (
				2C73BE88280D553A0054B779 /* String+ext.swift in Sources */,
				2C73BE74280D54690054B779 /* DataLoader.swift in Sources */,
				2C73BE68280D52A90054B779 /* Transformer.swift in Sources */,
				2C73BEB7280D5B840054B779 /* EmailAddress.swift in Sources */,
				2C73BEA9280D5AC10054B779 /* UIColor+Extension.swift in Sources */,
				2C73BE70280D54280054B779 /* APIEndpoint.swift in Sources */,
				2C73BE6C280D538D0054B779 /* NetworkError.swift in Sources */,
				2C73BEA5280D59CC0054B779 /* LocalizedKey.swift in Sources */,
				2C73BE8C280D55640054B779 /* Constants.swift in Sources */,
				2C73BE91280D55820054B779 /* Collection+ext.swift in Sources */,
				2C73BEAF280D5B210054B779 /* Bundle+ext.swift in Sources */,
				2C73BEC1280D5C260054B779 /* Optional+Extension.swift in Sources */,
				2C73BEBC280D5BEA0054B779 /* LayoutConstraint+ext.swift in Sources */,
				2C73BEB3280D5B440054B779 /* Sequence+Ext.swift in Sources */,
			);
			runOnlyForDeploymentPostprocessing = 0;
		};
		2C73BE4D280D4F1D0054B779 /* Sources */ = {
			isa = PBXSourcesBuildPhase;
			buildActionMask = 2147483647;
			files = (
				2C73BE9B280D57E70054B779 /* DataLoaderTest.swift in Sources */,
				2C73BE95280D57B40054B779 /* NetworkErrorTest.swift in Sources */,
				2C73BE81280D54ED0054B779 /* EndpointTest.swift in Sources */,
			);
			runOnlyForDeploymentPostprocessing = 0;
		};
/* End PBXSourcesBuildPhase section */

/* Begin PBXTargetDependency section */
		2C73BE54280D4F1D0054B779 /* PBXTargetDependency */ = {
			isa = PBXTargetDependency;
			target = 2C73BE47280D4F1D0054B779 /* LVFoundation */;
			targetProxy = 2C73BE53280D4F1D0054B779 /* PBXContainerItemProxy */;
		};
/* End PBXTargetDependency section */

/* Begin XCBuildConfiguration section */
		2C73BE5A280D4F1D0054B779 /* Debug */ = {
			isa = XCBuildConfiguration;
			buildSettings = {
				ALWAYS_SEARCH_USER_PATHS = NO;
				CLANG_ANALYZER_NONNULL = YES;
				CLANG_ANALYZER_NUMBER_OBJECT_CONVERSION = YES_AGGRESSIVE;
				CLANG_CXX_LANGUAGE_STANDARD = "gnu++14";
				CLANG_CXX_LIBRARY = "libc++";
				CLANG_ENABLE_MODULES = YES;
				CLANG_ENABLE_OBJC_ARC = YES;
				CLANG_ENABLE_OBJC_WEAK = YES;
				CLANG_WARN_BLOCK_CAPTURE_AUTORELEASING = YES;
				CLANG_WARN_BOOL_CONVERSION = YES;
				CLANG_WARN_COMMA = YES;
				CLANG_WARN_CONSTANT_CONVERSION = YES;
				CLANG_WARN_DEPRECATED_OBJC_IMPLEMENTATIONS = YES;
				CLANG_WARN_DIRECT_OBJC_ISA_USAGE = YES_ERROR;
				CLANG_WARN_DOCUMENTATION_COMMENTS = YES;
				CLANG_WARN_EMPTY_BODY = YES;
				CLANG_WARN_ENUM_CONVERSION = YES;
				CLANG_WARN_INFINITE_RECURSION = YES;
				CLANG_WARN_INT_CONVERSION = YES;
				CLANG_WARN_NON_LITERAL_NULL_CONVERSION = YES;
				CLANG_WARN_OBJC_IMPLICIT_RETAIN_SELF = YES;
				CLANG_WARN_OBJC_LITERAL_CONVERSION = YES;
				CLANG_WARN_OBJC_ROOT_CLASS = YES_ERROR;
				CLANG_WARN_QUOTED_INCLUDE_IN_FRAMEWORK_HEADER = YES;
				CLANG_WARN_RANGE_LOOP_ANALYSIS = YES;
				CLANG_WARN_STRICT_PROTOTYPES = YES;
				CLANG_WARN_SUSPICIOUS_MOVE = YES;
				CLANG_WARN_UNGUARDED_AVAILABILITY = YES_AGGRESSIVE;
				CLANG_WARN_UNREACHABLE_CODE = YES;
				CLANG_WARN__DUPLICATE_METHOD_MATCH = YES;
				COPY_PHASE_STRIP = NO;
				CURRENT_PROJECT_VERSION = 1;
				DEBUG_INFORMATION_FORMAT = dwarf;
				ENABLE_STRICT_OBJC_MSGSEND = YES;
				ENABLE_TESTABILITY = YES;
				GCC_C_LANGUAGE_STANDARD = gnu11;
				GCC_DYNAMIC_NO_PIC = NO;
				GCC_NO_COMMON_BLOCKS = YES;
				GCC_OPTIMIZATION_LEVEL = 0;
				GCC_PREPROCESSOR_DEFINITIONS = (
					"DEBUG=1",
					"$(inherited)",
				);
				GCC_WARN_64_TO_32_BIT_CONVERSION = YES;
				GCC_WARN_ABOUT_RETURN_TYPE = YES_ERROR;
				GCC_WARN_UNDECLARED_SELECTOR = YES;
				GCC_WARN_UNINITIALIZED_AUTOS = YES_AGGRESSIVE;
				GCC_WARN_UNUSED_FUNCTION = YES;
				GCC_WARN_UNUSED_VARIABLE = YES;
				IPHONEOS_DEPLOYMENT_TARGET = 14.4;
				MTL_ENABLE_DEBUG_INFO = INCLUDE_SOURCE;
				MTL_FAST_MATH = YES;
				ONLY_ACTIVE_ARCH = YES;
				SDKROOT = iphoneos;
				SWIFT_ACTIVE_COMPILATION_CONDITIONS = DEBUG;
				SWIFT_OPTIMIZATION_LEVEL = "-Onone";
				VERSIONING_SYSTEM = "apple-generic";
				VERSION_INFO_PREFIX = "";
			};
			name = Debug;
		};
		2C73BE5B280D4F1D0054B779 /* Release */ = {
			isa = XCBuildConfiguration;
			buildSettings = {
				ALWAYS_SEARCH_USER_PATHS = NO;
				CLANG_ANALYZER_NONNULL = YES;
				CLANG_ANALYZER_NUMBER_OBJECT_CONVERSION = YES_AGGRESSIVE;
				CLANG_CXX_LANGUAGE_STANDARD = "gnu++14";
				CLANG_CXX_LIBRARY = "libc++";
				CLANG_ENABLE_MODULES = YES;
				CLANG_ENABLE_OBJC_ARC = YES;
				CLANG_ENABLE_OBJC_WEAK = YES;
				CLANG_WARN_BLOCK_CAPTURE_AUTORELEASING = YES;
				CLANG_WARN_BOOL_CONVERSION = YES;
				CLANG_WARN_COMMA = YES;
				CLANG_WARN_CONSTANT_CONVERSION = YES;
				CLANG_WARN_DEPRECATED_OBJC_IMPLEMENTATIONS = YES;
				CLANG_WARN_DIRECT_OBJC_ISA_USAGE = YES_ERROR;
				CLANG_WARN_DOCUMENTATION_COMMENTS = YES;
				CLANG_WARN_EMPTY_BODY = YES;
				CLANG_WARN_ENUM_CONVERSION = YES;
				CLANG_WARN_INFINITE_RECURSION = YES;
				CLANG_WARN_INT_CONVERSION = YES;
				CLANG_WARN_NON_LITERAL_NULL_CONVERSION = YES;
				CLANG_WARN_OBJC_IMPLICIT_RETAIN_SELF = YES;
				CLANG_WARN_OBJC_LITERAL_CONVERSION = YES;
				CLANG_WARN_OBJC_ROOT_CLASS = YES_ERROR;
				CLANG_WARN_QUOTED_INCLUDE_IN_FRAMEWORK_HEADER = YES;
				CLANG_WARN_RANGE_LOOP_ANALYSIS = YES;
				CLANG_WARN_STRICT_PROTOTYPES = YES;
				CLANG_WARN_SUSPICIOUS_MOVE = YES;
				CLANG_WARN_UNGUARDED_AVAILABILITY = YES_AGGRESSIVE;
				CLANG_WARN_UNREACHABLE_CODE = YES;
				CLANG_WARN__DUPLICATE_METHOD_MATCH = YES;
				COPY_PHASE_STRIP = NO;
				CURRENT_PROJECT_VERSION = 1;
				DEBUG_INFORMATION_FORMAT = "dwarf-with-dsym";
				ENABLE_NS_ASSERTIONS = NO;
				ENABLE_STRICT_OBJC_MSGSEND = YES;
				GCC_C_LANGUAGE_STANDARD = gnu11;
				GCC_NO_COMMON_BLOCKS = YES;
				GCC_WARN_64_TO_32_BIT_CONVERSION = YES;
				GCC_WARN_ABOUT_RETURN_TYPE = YES_ERROR;
				GCC_WARN_UNDECLARED_SELECTOR = YES;
				GCC_WARN_UNINITIALIZED_AUTOS = YES_AGGRESSIVE;
				GCC_WARN_UNUSED_FUNCTION = YES;
				GCC_WARN_UNUSED_VARIABLE = YES;
				IPHONEOS_DEPLOYMENT_TARGET = 14.4;
				MTL_ENABLE_DEBUG_INFO = NO;
				MTL_FAST_MATH = YES;
				SDKROOT = iphoneos;
				SWIFT_COMPILATION_MODE = wholemodule;
				SWIFT_OPTIMIZATION_LEVEL = "-O";
				VALIDATE_PRODUCT = YES;
				VERSIONING_SYSTEM = "apple-generic";
				VERSION_INFO_PREFIX = "";
			};
			name = Release;
		};
		2C73BE5D280D4F1D0054B779 /* Debug */ = {
			isa = XCBuildConfiguration;
			buildSettings = {
				BUILD_LIBRARY_FOR_DISTRIBUTION = YES;
				CLANG_ENABLE_MODULES = YES;
				CODE_SIGN_STYLE = Automatic;
				DEFINES_MODULE = YES;
				DEVELOPMENT_TEAM = DHF2LDXSDZ;
				DYLIB_COMPATIBILITY_VERSION = 1;
				DYLIB_CURRENT_VERSION = 1;
				DYLIB_INSTALL_NAME_BASE = "@rpath";
				INFOPLIST_FILE = LVFoundation/Info.plist;
				INSTALL_PATH = "$(LOCAL_LIBRARY_DIR)/Frameworks";
				IPHONEOS_DEPLOYMENT_TARGET = 13.0;
				LD_RUNPATH_SEARCH_PATHS = (
					"$(inherited)",
					"@executable_path/Frameworks",
					"@loader_path/Frameworks",
				);
				PRODUCT_BUNDLE_IDENTIFIER = com.simeonlyu.LVFoundation;
				PRODUCT_NAME = "$(TARGET_NAME:c99extidentifier)";
				SKIP_INSTALL = YES;
				SUPPORTS_MACCATALYST = YES;
				SWIFT_OPTIMIZATION_LEVEL = "-Onone";
				SWIFT_VERSION = 5.0;
				TARGETED_DEVICE_FAMILY = "1,2";
			};
			name = Debug;
		};
		2C73BE5E280D4F1D0054B779 /* Release */ = {
			isa = XCBuildConfiguration;
			buildSettings = {
				BUILD_LIBRARY_FOR_DISTRIBUTION = YES;
				CLANG_ENABLE_MODULES = YES;
				CODE_SIGN_STYLE = Automatic;
				DEFINES_MODULE = YES;
				DEVELOPMENT_TEAM = DHF2LDXSDZ;
				DYLIB_COMPATIBILITY_VERSION = 1;
				DYLIB_CURRENT_VERSION = 1;
				DYLIB_INSTALL_NAME_BASE = "@rpath";
				INFOPLIST_FILE = LVFoundation/Info.plist;
				INSTALL_PATH = "$(LOCAL_LIBRARY_DIR)/Frameworks";
				IPHONEOS_DEPLOYMENT_TARGET = 13.0;
				LD_RUNPATH_SEARCH_PATHS = (
					"$(inherited)",
					"@executable_path/Frameworks",
					"@loader_path/Frameworks",
				);
				PRODUCT_BUNDLE_IDENTIFIER = com.simeonlyu.LVFoundation;
				PRODUCT_NAME = "$(TARGET_NAME:c99extidentifier)";
				SKIP_INSTALL = YES;
				SUPPORTS_MACCATALYST = YES;
				SWIFT_VERSION = 5.0;
				TARGETED_DEVICE_FAMILY = "1,2";
			};
			name = Release;
		};
		2C73BE60280D4F1D0054B779 /* Debug */ = {
			isa = XCBuildConfiguration;
			buildSettings = {
				ALWAYS_EMBED_SWIFT_STANDARD_LIBRARIES = YES;
				CODE_SIGN_STYLE = Automatic;
				DEVELOPMENT_TEAM = DHF2LDXSDZ;
				INFOPLIST_FILE = LVFoundationTests/Info.plist;
				LD_RUNPATH_SEARCH_PATHS = (
					"$(inherited)",
					"@executable_path/Frameworks",
					"@loader_path/Frameworks",
				);
				PRODUCT_BUNDLE_IDENTIFIER = SimeonLyu.LVFoundationTests;
				PRODUCT_NAME = "$(TARGET_NAME)";
				SWIFT_VERSION = 5.0;
				TARGETED_DEVICE_FAMILY = "1,2";
			};
			name = Debug;
		};
		2C73BE61280D4F1D0054B779 /* Release */ = {
			isa = XCBuildConfiguration;
			buildSettings = {
				ALWAYS_EMBED_SWIFT_STANDARD_LIBRARIES = YES;
				CODE_SIGN_STYLE = Automatic;
				DEVELOPMENT_TEAM = DHF2LDXSDZ;
				INFOPLIST_FILE = LVFoundationTests/Info.plist;
				LD_RUNPATH_SEARCH_PATHS = (
					"$(inherited)",
					"@executable_path/Frameworks",
					"@loader_path/Frameworks",
				);
				PRODUCT_BUNDLE_IDENTIFIER = SimeonLyu.LVFoundationTests;
				PRODUCT_NAME = "$(TARGET_NAME)";
				SWIFT_VERSION = 5.0;
				TARGETED_DEVICE_FAMILY = "1,2";
			};
			name = Release;
		};
/* End XCBuildConfiguration section */

/* Begin XCConfigurationList section */
		2C73BE42280D4F1D0054B779 /* Build configuration list for PBXProject "LVFoundation" */ = {
			isa = XCConfigurationList;
			buildConfigurations = (
				2C73BE5A280D4F1D0054B779 /* Debug */,
				2C73BE5B280D4F1D0054B779 /* Release */,
			);
			defaultConfigurationIsVisible = 0;
			defaultConfigurationName = Release;
		};
		2C73BE5C280D4F1D0054B779 /* Build configuration list for PBXNativeTarget "LVFoundation" */ = {
			isa = XCConfigurationList;
			buildConfigurations = (
				2C73BE5D280D4F1D0054B779 /* Debug */,
				2C73BE5E280D4F1D0054B779 /* Release */,
			);
			defaultConfigurationIsVisible = 0;
			defaultConfigurationName = Release;
		};
		2C73BE5F280D4F1D0054B779 /* Build configuration list for PBXNativeTarget "LVFoundationTests" */ = {
			isa = XCConfigurationList;
			buildConfigurations = (
				2C73BE60280D4F1D0054B779 /* Debug */,
				2C73BE61280D4F1D0054B779 /* Release */,
			);
			defaultConfigurationIsVisible = 0;
			defaultConfigurationName = Release;
		};
/* End XCConfigurationList section */
	};
	rootObject = 2C73BE3F280D4F1D0054B779 /* Project object */;
}
